// !$*UTF8*$!
{
	archiveVersion = 1;
	classes = {
	};
	objectVersion = 46;
	objects = {

/* Begin PBXBuildFile section */
		C5C42B471D6B35E80040E120 /* 2.jpeg in Resources */ = {isa = PBXBuildFile; fileRef = C5C42B461D6B35E80040E120 /* 2.jpeg */; };
		C5C42B491D6B36090040E120 /* 1.jpeg in Resources */ = {isa = PBXBuildFile; fileRef = C5C42B481D6B36090040E120 /* 1.jpeg */; };
		C5D121861D6ACDB9006951E8 /* main.m in Sources */ = {isa = PBXBuildFile; fileRef = C5D121851D6ACDB9006951E8 /* main.m */; };
		C5D121891D6ACDB9006951E8 /* AppDelegate.m in Sources */ = {isa = PBXBuildFile; fileRef = C5D121881D6ACDB9006951E8 /* AppDelegate.m */; };
		C5D1218C1D6ACDB9006951E8 /* ViewController.m in Sources */ = {isa = PBXBuildFile; fileRef = C5D1218B1D6ACDB9006951E8 /* ViewController.m */; };
		C5D1218F1D6ACDB9006951E8 /* Main.storyboard in Resources */ = {isa = PBXBuildFile; fileRef = C5D1218D1D6ACDB9006951E8 /* Main.storyboard */; };
		C5D121911D6ACDB9006951E8 /* Assets.xcassets in Resources */ = {isa = PBXBuildFile; fileRef = C5D121901D6ACDB9006951E8 /* Assets.xcassets */; };
		C5D121941D6ACDB9006951E8 /* LaunchScreen.storyboard in Resources */ = {isa = PBXBuildFile; fileRef = C5D121921D6ACDB9006951E8 /* LaunchScreen.storyboard */; };
		C5D121A01D6AD77C006951E8 /* TransitionViewController.m in Sources */ = {isa = PBXBuildFile; fileRef = C5D1219E1D6AD77C006951E8 /* TransitionViewController.m */; };
		C5D121A11D6AD77C006951E8 /* TransitionViewController.xib in Resources */ = {isa = PBXBuildFile; fileRef = C5D1219F1D6AD77C006951E8 /* TransitionViewController.xib */; };
		CE0342011DD0790D00C99949 /* NewsViewController.m in Sources */ = {isa = PBXBuildFile; fileRef = CE0341FF1DD0790D00C99949 /* NewsViewController.m */; };
		CE0342061DD0792100C99949 /* ChildNewsViewController.m in Sources */ = {isa = PBXBuildFile; fileRef = CE0342041DD0792100C99949 /* ChildNewsViewController.m */; };
		CE0342071DD0792100C99949 /* ChildNewsViewController.xib in Resources */ = {isa = PBXBuildFile; fileRef = CE0342051DD0792100C99949 /* ChildNewsViewController.xib */; };
		CE03420B1DD0792B00C99949 /* DetailViewController.m in Sources */ = {isa = PBXBuildFile; fileRef = CE0342091DD0792B00C99949 /* DetailViewController.m */; };
		CE03420C1DD0792B00C99949 /* DetailViewController.xib in Resources */ = {isa = PBXBuildFile; fileRef = CE03420A1DD0792B00C99949 /* DetailViewController.xib */; };
		CE03420F1DD07DF300C99949 /* NewsCollectionViewDataSourceManager.m in Sources */ = {isa = PBXBuildFile; fileRef = CE03420E1DD07DF300C99949 /* NewsCollectionViewDataSourceManager.m */; };
		CE0342131DD07E5400C99949 /* NewsCollectionViewCell.m in Sources */ = {isa = PBXBuildFile; fileRef = CE0342111DD07E5400C99949 /* NewsCollectionViewCell.m */; };
		CE0342141DD07E5400C99949 /* NewsCollectionViewCell.xib in Resources */ = {isa = PBXBuildFile; fileRef = CE0342121DD07E5400C99949 /* NewsCollectionViewCell.xib */; };
		CE0342171DD1C39B00C99949 /* MyTabBarViewController.m in Sources */ = {isa = PBXBuildFile; fileRef = CE0342161DD1C39B00C99949 /* MyTabBarViewController.m */; };
		CE03421C1DD1C83200C99949 /* HomeViewController.m in Sources */ = {isa = PBXBuildFile; fileRef = CE03421A1DD1C83200C99949 /* HomeViewController.m */; };
		CE03421D1DD1C83200C99949 /* HomeViewController.xib in Resources */ = {isa = PBXBuildFile; fileRef = CE03421B1DD1C83200C99949 /* HomeViewController.xib */; };
		CE0342211DD1C84600C99949 /* MyViewController.m in Sources */ = {isa = PBXBuildFile; fileRef = CE03421F1DD1C84600C99949 /* MyViewController.m */; };
		CE0342221DD1C84600C99949 /* MyViewController.xib in Resources */ = {isa = PBXBuildFile; fileRef = CE0342201DD1C84600C99949 /* MyViewController.xib */; };
		CE0342251DD1CC6600C99949 /* TabBarTransition.m in Sources */ = {isa = PBXBuildFile; fileRef = CE0342241DD1CC6600C99949 /* TabBarTransition.m */; };
		CE2D2A7E1DBF2B98002CB98A /* MaskLayerPauseViewController.m in Sources */ = {isa = PBXBuildFile; fileRef = CE2D2A7C1DBF2B98002CB98A /* MaskLayerPauseViewController.m */; };
		CE2D2A7F1DBF2B98002CB98A /* MaskLayerPauseViewController.xib in Resources */ = {isa = PBXBuildFile; fileRef = CE2D2A7D1DBF2B98002CB98A /* MaskLayerPauseViewController.xib */; };
		CE2D2A831DBF2D3D002CB98A /* mask1.png in Resources */ = {isa = PBXBuildFile; fileRef = CE2D2A811DBF2D3D002CB98A /* mask1.png */; };
		CE2D2A841DBF2D3D002CB98A /* mask2.png in Resources */ = {isa = PBXBuildFile; fileRef = CE2D2A821DBF2D3D002CB98A /* mask2.png */; };
		CE2D2A8B1DBF5C14002CB98A /* SpringAnimationViewController.m in Sources */ = {isa = PBXBuildFile; fileRef = CE2D2A891DBF5C14002CB98A /* SpringAnimationViewController.m */; };
		CE2D2A8C1DBF5C14002CB98A /* SpringAnimationViewController.xib in Resources */ = {isa = PBXBuildFile; fileRef = CE2D2A8A1DBF5C14002CB98A /* SpringAnimationViewController.xib */; };
		CE2D2A911DC07B6F002CB98A /* vcTransitionViewController.m in Sources */ = {isa = PBXBuildFile; fileRef = CE2D2A8F1DC07B6F002CB98A /* vcTransitionViewController.m */; };
		CE2D2A991DC08079002CB98A /* movie1.jpg in Resources */ = {isa = PBXBuildFile; fileRef = CE2D2A931DC08079002CB98A /* movie1.jpg */; };
		CE2D2A9A1DC08079002CB98A /* movie2.jpg in Resources */ = {isa = PBXBuildFile; fileRef = CE2D2A941DC08079002CB98A /* movie2.jpg */; };
		CE2D2A9B1DC08079002CB98A /* movie3.jpg in Resources */ = {isa = PBXBuildFile; fileRef = CE2D2A951DC08079002CB98A /* movie3.jpg */; };
		CE2D2A9C1DC08079002CB98A /* movie4.jpg in Resources */ = {isa = PBXBuildFile; fileRef = CE2D2A961DC08079002CB98A /* movie4.jpg */; };
		CE2D2A9D1DC08079002CB98A /* movie5.jpg in Resources */ = {isa = PBXBuildFile; fileRef = CE2D2A971DC08079002CB98A /* movie5.jpg */; };
		CE2D2A9E1DC08079002CB98A /* movie6.jpg in Resources */ = {isa = PBXBuildFile; fileRef = CE2D2A981DC08079002CB98A /* movie6.jpg */; };
		CE2D2AA21DC082D4002CB98A /* SingleViewController.m in Sources */ = {isa = PBXBuildFile; fileRef = CE2D2AA01DC082D4002CB98A /* SingleViewController.m */; };
		CE50DCB41DA8D61E0009A205 /* CABasicAnimationController.m in Sources */ = {isa = PBXBuildFile; fileRef = CE50DCB31DA8D61E0009A205 /* CABasicAnimationController.m */; };
		CE50DCB71DA8E6B50009A205 /* BaseViewController.m in Sources */ = {isa = PBXBuildFile; fileRef = CE50DCB61DA8E6B50009A205 /* BaseViewController.m */; };
		CE50DCBB1DA8E7300009A205 /* TitleButton.m in Sources */ = {isa = PBXBuildFile; fileRef = CE50DCBA1DA8E7300009A205 /* TitleButton.m */; };
		CE50DCBF1DA9F7620009A205 /* CAKeyframeViewController.m in Sources */ = {isa = PBXBuildFile; fileRef = CE50DCBE1DA9F7620009A205 /* CAKeyframeViewController.m */; };
		CE50DCC61DAB49430009A205 /* CAAnimationGroupViewController.m in Sources */ = {isa = PBXBuildFile; fileRef = CE50DCC51DAB49430009A205 /* CAAnimationGroupViewController.m */; };
		CE50DCCA1DAB69F80009A205 /* CATransitionViewController.m in Sources */ = {isa = PBXBuildFile; fileRef = CE50DCC91DAB69F80009A205 /* CATransitionViewController.m */; };
		CEBA45641DCB074500B547FA /* TransitionListViewController.m in Sources */ = {isa = PBXBuildFile; fileRef = CEBA45631DCB074500B547FA /* TransitionListViewController.m */; };
		CEBA45681DCB119400B547FA /* HBLBaseTransition.m in Sources */ = {isa = PBXBuildFile; fileRef = CEBA45671DCB119400B547FA /* HBLBaseTransition.m */; };
		CEBA456B1DCB184B00B547FA /* HBLBubbleTransition.m in Sources */ = {isa = PBXBuildFile; fileRef = CEBA456A1DCB184B00B547FA /* HBLBubbleTransition.m */; };
		CEBA45761DCB190600B547FA /* TransitionFirstViewController.m in Sources */ = {isa = PBXBuildFile; fileRef = CEBA45741DCB190600B547FA /* TransitionFirstViewController.m */; };
		CEBA45771DCB190600B547FA /* TransitionFirstViewController.xib in Resources */ = {isa = PBXBuildFile; fileRef = CEBA45751DCB190600B547FA /* TransitionFirstViewController.xib */; };
		CEBA457B1DCB29FC00B547FA /* TransitionSecondViewController.m in Sources */ = {isa = PBXBuildFile; fileRef = CEBA45791DCB29FC00B547FA /* TransitionSecondViewController.m */; };
		CEBA457C1DCB29FC00B547FA /* TransitionSecondViewController.xib in Resources */ = {isa = PBXBuildFile; fileRef = CEBA457A1DCB29FC00B547FA /* TransitionSecondViewController.xib */; };
		CEBA45821DCB309B00B547FA /* HBLHalfPresentTransition.m in Sources */ = {isa = PBXBuildFile; fileRef = CEBA45811DCB309B00B547FA /* HBLHalfPresentTransition.m */; };
		CEBA45851DCB30A800B547FA /* HBLRevealLeftTransition.m in Sources */ = {isa = PBXBuildFile; fileRef = CEBA45841DCB30A800B547FA /* HBLRevealLeftTransition.m */; };
		CEBA45881DCB30B900B547FA /* HBLLeftTopPresentTransition.m in Sources */ = {isa = PBXBuildFile; fileRef = CEBA45871DCB30B900B547FA /* HBLLeftTopPresentTransition.m */; };
		CEE5EDC11DC1ABDA00C38AEB /* VCCustomTransitioning.m in Sources */ = {isa = PBXBuildFile; fileRef = CEE5EDC01DC1ABDA00C38AEB /* VCCustomTransitioning.m */; };
		CEFA94E61DBDBA7A00AD911C /* CGAffineTransformViewController.m in Sources */ = {isa = PBXBuildFile; fileRef = CEFA94E51DBDBA7A00AD911C /* CGAffineTransformViewController.m */; };
		CEFA94EA1DBDDB9900AD911C /* UIViewTransitionViewController.m in Sources */ = {isa = PBXBuildFile; fileRef = CEFA94E91DBDDB9900AD911C /* UIViewTransitionViewController.m */; };
/* End PBXBuildFile section */

/* Begin PBXFileReference section */
		C5C42B461D6B35E80040E120 /* 2.jpeg */ = {isa = PBXFileReference; lastKnownFileType = image.jpeg; path = 2.jpeg; sourceTree = "<group>"; };
		C5C42B481D6B36090040E120 /* 1.jpeg */ = {isa = PBXFileReference; lastKnownFileType = image.jpeg; path = 1.jpeg; sourceTree = "<group>"; };
		C5D121811D6ACDB9006951E8 /* HBLAnimationSet.app */ = {isa = PBXFileReference; explicitFileType = wrapper.application; includeInIndex = 0; path = HBLAnimationSet.app; sourceTree = BUILT_PRODUCTS_DIR; };
		C5D121851D6ACDB9006951E8 /* main.m */ = {isa = PBXFileReference; lastKnownFileType = sourcecode.c.objc; path = main.m; sourceTree = "<group>"; };
		C5D121871D6ACDB9006951E8 /* AppDelegate.h */ = {isa = PBXFileReference; lastKnownFileType = sourcecode.c.h; path = AppDelegate.h; sourceTree = "<group>"; };
		C5D121881D6ACDB9006951E8 /* AppDelegate.m */ = {isa = PBXFileReference; lastKnownFileType = sourcecode.c.objc; path = AppDelegate.m; sourceTree = "<group>"; };
		C5D1218A1D6ACDB9006951E8 /* ViewController.h */ = {isa = PBXFileReference; lastKnownFileType = sourcecode.c.h; path = ViewController.h; sourceTree = "<group>"; };
		C5D1218B1D6ACDB9006951E8 /* ViewController.m */ = {isa = PBXFileReference; lastKnownFileType = sourcecode.c.objc; path = ViewController.m; sourceTree = "<group>"; };
		C5D1218E1D6ACDB9006951E8 /* Base */ = {isa = PBXFileReference; lastKnownFileType = file.storyboard; name = Base; path = Base.lproj/Main.storyboard; sourceTree = "<group>"; };
		C5D121901D6ACDB9006951E8 /* Assets.xcassets */ = {isa = PBXFileReference; lastKnownFileType = folder.assetcatalog; path = Assets.xcassets; sourceTree = "<group>"; };
		C5D121931D6ACDB9006951E8 /* Base */ = {isa = PBXFileReference; lastKnownFileType = file.storyboard; name = Base; path = Base.lproj/LaunchScreen.storyboard; sourceTree = "<group>"; };
		C5D121951D6ACDB9006951E8 /* Info.plist */ = {isa = PBXFileReference; lastKnownFileType = text.plist.xml; path = Info.plist; sourceTree = "<group>"; };
		C5D1219C1D6AD09B006951E8 /* Animation-Prefix.pch */ = {isa = PBXFileReference; lastKnownFileType = sourcecode.c.h; path = "Animation-Prefix.pch"; sourceTree = "<group>"; };
		C5D1219D1D6AD77C006951E8 /* TransitionViewController.h */ = {isa = PBXFileReference; fileEncoding = 4; lastKnownFileType = sourcecode.c.h; path = TransitionViewController.h; sourceTree = "<group>"; };
		C5D1219E1D6AD77C006951E8 /* TransitionViewController.m */ = {isa = PBXFileReference; fileEncoding = 4; lastKnownFileType = sourcecode.c.objc; path = TransitionViewController.m; sourceTree = "<group>"; };
		C5D1219F1D6AD77C006951E8 /* TransitionViewController.xib */ = {isa = PBXFileReference; fileEncoding = 4; lastKnownFileType = file.xib; path = TransitionViewController.xib; sourceTree = "<group>"; };
		CE0341FE1DD0790D00C99949 /* NewsViewController.h */ = {isa = PBXFileReference; fileEncoding = 4; lastKnownFileType = sourcecode.c.h; path = NewsViewController.h; sourceTree = "<group>"; };
		CE0341FF1DD0790D00C99949 /* NewsViewController.m */ = {isa = PBXFileReference; fileEncoding = 4; lastKnownFileType = sourcecode.c.objc; path = NewsViewController.m; sourceTree = "<group>"; };
		CE0342031DD0792100C99949 /* ChildNewsViewController.h */ = {isa = PBXFileReference; fileEncoding = 4; lastKnownFileType = sourcecode.c.h; path = ChildNewsViewController.h; sourceTree = "<group>"; };
		CE0342041DD0792100C99949 /* ChildNewsViewController.m */ = {isa = PBXFileReference; fileEncoding = 4; lastKnownFileType = sourcecode.c.objc; path = ChildNewsViewController.m; sourceTree = "<group>"; };
		CE0342051DD0792100C99949 /* ChildNewsViewController.xib */ = {isa = PBXFileReference; fileEncoding = 4; lastKnownFileType = file.xib; path = ChildNewsViewController.xib; sourceTree = "<group>"; };
		CE0342081DD0792B00C99949 /* DetailViewController.h */ = {isa = PBXFileReference; fileEncoding = 4; lastKnownFileType = sourcecode.c.h; path = DetailViewController.h; sourceTree = "<group>"; };
		CE0342091DD0792B00C99949 /* DetailViewController.m */ = {isa = PBXFileReference; fileEncoding = 4; lastKnownFileType = sourcecode.c.objc; path = DetailViewController.m; sourceTree = "<group>"; };
		CE03420A1DD0792B00C99949 /* DetailViewController.xib */ = {isa = PBXFileReference; fileEncoding = 4; lastKnownFileType = file.xib; path = DetailViewController.xib; sourceTree = "<group>"; };
		CE03420D1DD07DF300C99949 /* NewsCollectionViewDataSourceManager.h */ = {isa = PBXFileReference; fileEncoding = 4; lastKnownFileType = sourcecode.c.h; path = NewsCollectionViewDataSourceManager.h; sourceTree = "<group>"; };
		CE03420E1DD07DF300C99949 /* NewsCollectionViewDataSourceManager.m */ = {isa = PBXFileReference; fileEncoding = 4; lastKnownFileType = sourcecode.c.objc; path = NewsCollectionViewDataSourceManager.m; sourceTree = "<group>"; };
		CE0342101DD07E5400C99949 /* NewsCollectionViewCell.h */ = {isa = PBXFileReference; fileEncoding = 4; lastKnownFileType = sourcecode.c.h; path = NewsCollectionViewCell.h; sourceTree = "<group>"; };
		CE0342111DD07E5400C99949 /* NewsCollectionViewCell.m */ = {isa = PBXFileReference; fileEncoding = 4; lastKnownFileType = sourcecode.c.objc; path = NewsCollectionViewCell.m; sourceTree = "<group>"; };
		CE0342121DD07E5400C99949 /* NewsCollectionViewCell.xib */ = {isa = PBXFileReference; fileEncoding = 4; lastKnownFileType = file.xib; path = NewsCollectionViewCell.xib; sourceTree = "<group>"; };
		CE0342151DD1C39B00C99949 /* MyTabBarViewController.h */ = {isa = PBXFileReference; fileEncoding = 4; lastKnownFileType = sourcecode.c.h; path = MyTabBarViewController.h; sourceTree = "<group>"; };
		CE0342161DD1C39B00C99949 /* MyTabBarViewController.m */ = {isa = PBXFileReference; fileEncoding = 4; lastKnownFileType = sourcecode.c.objc; path = MyTabBarViewController.m; sourceTree = "<group>"; };
		CE0342191DD1C83200C99949 /* HomeViewController.h */ = {isa = PBXFileReference; fileEncoding = 4; lastKnownFileType = sourcecode.c.h; path = HomeViewController.h; sourceTree = "<group>"; };
		CE03421A1DD1C83200C99949 /* HomeViewController.m */ = {isa = PBXFileReference; fileEncoding = 4; lastKnownFileType = sourcecode.c.objc; path = HomeViewController.m; sourceTree = "<group>"; };
		CE03421B1DD1C83200C99949 /* HomeViewController.xib */ = {isa = PBXFileReference; fileEncoding = 4; lastKnownFileType = file.xib; path = HomeViewController.xib; sourceTree = "<group>"; };
		CE03421E1DD1C84600C99949 /* MyViewController.h */ = {isa = PBXFileReference; fileEncoding = 4; lastKnownFileType = sourcecode.c.h; path = MyViewController.h; sourceTree = "<group>"; };
		CE03421F1DD1C84600C99949 /* MyViewController.m */ = {isa = PBXFileReference; fileEncoding = 4; lastKnownFileType = sourcecode.c.objc; path = MyViewController.m; sourceTree = "<group>"; };
		CE0342201DD1C84600C99949 /* MyViewController.xib */ = {isa = PBXFileReference; fileEncoding = 4; lastKnownFileType = file.xib; path = MyViewController.xib; sourceTree = "<group>"; };
		CE0342231DD1CC6600C99949 /* TabBarTransition.h */ = {isa = PBXFileReference; fileEncoding = 4; lastKnownFileType = sourcecode.c.h; path = TabBarTransition.h; sourceTree = "<group>"; };
		CE0342241DD1CC6600C99949 /* TabBarTransition.m */ = {isa = PBXFileReference; fileEncoding = 4; lastKnownFileType = sourcecode.c.objc; path = TabBarTransition.m; sourceTree = "<group>"; };
		CE2D2A7B1DBF2B98002CB98A /* MaskLayerPauseViewController.h */ = {isa = PBXFileReference; fileEncoding = 4; lastKnownFileType = sourcecode.c.h; path = MaskLayerPauseViewController.h; sourceTree = "<group>"; };
		CE2D2A7C1DBF2B98002CB98A /* MaskLayerPauseViewController.m */ = {isa = PBXFileReference; fileEncoding = 4; lastKnownFileType = sourcecode.c.objc; path = MaskLayerPauseViewController.m; sourceTree = "<group>"; };
		CE2D2A7D1DBF2B98002CB98A /* MaskLayerPauseViewController.xib */ = {isa = PBXFileReference; fileEncoding = 4; lastKnownFileType = file.xib; path = MaskLayerPauseViewController.xib; sourceTree = "<group>"; };
		CE2D2A811DBF2D3D002CB98A /* mask1.png */ = {isa = PBXFileReference; lastKnownFileType = image.png; path = mask1.png; sourceTree = "<group>"; };
		CE2D2A821DBF2D3D002CB98A /* mask2.png */ = {isa = PBXFileReference; lastKnownFileType = image.png; path = mask2.png; sourceTree = "<group>"; };
		CE2D2A881DBF5C14002CB98A /* SpringAnimationViewController.h */ = {isa = PBXFileReference; fileEncoding = 4; lastKnownFileType = sourcecode.c.h; path = SpringAnimationViewController.h; sourceTree = "<group>"; };
		CE2D2A891DBF5C14002CB98A /* SpringAnimationViewController.m */ = {isa = PBXFileReference; fileEncoding = 4; lastKnownFileType = sourcecode.c.objc; path = SpringAnimationViewController.m; sourceTree = "<group>"; };
		CE2D2A8A1DBF5C14002CB98A /* SpringAnimationViewController.xib */ = {isa = PBXFileReference; fileEncoding = 4; lastKnownFileType = file.xib; path = SpringAnimationViewController.xib; sourceTree = "<group>"; };
		CE2D2A8E1DC07B6F002CB98A /* vcTransitionViewController.h */ = {isa = PBXFileReference; fileEncoding = 4; lastKnownFileType = sourcecode.c.h; path = vcTransitionViewController.h; sourceTree = "<group>"; };
		CE2D2A8F1DC07B6F002CB98A /* vcTransitionViewController.m */ = {isa = PBXFileReference; fileEncoding = 4; lastKnownFileType = sourcecode.c.objc; path = vcTransitionViewController.m; sourceTree = "<group>"; };
		CE2D2A931DC08079002CB98A /* movie1.jpg */ = {isa = PBXFileReference; lastKnownFileType = image.jpeg; path = movie1.jpg; sourceTree = "<group>"; };
		CE2D2A941DC08079002CB98A /* movie2.jpg */ = {isa = PBXFileReference; lastKnownFileType = image.jpeg; path = movie2.jpg; sourceTree = "<group>"; };
		CE2D2A951DC08079002CB98A /* movie3.jpg */ = {isa = PBXFileReference; lastKnownFileType = image.jpeg; path = movie3.jpg; sourceTree = "<group>"; };
		CE2D2A961DC08079002CB98A /* movie4.jpg */ = {isa = PBXFileReference; lastKnownFileType = image.jpeg; path = movie4.jpg; sourceTree = "<group>"; };
		CE2D2A971DC08079002CB98A /* movie5.jpg */ = {isa = PBXFileReference; lastKnownFileType = image.jpeg; path = movie5.jpg; sourceTree = "<group>"; };
		CE2D2A981DC08079002CB98A /* movie6.jpg */ = {isa = PBXFileReference; lastKnownFileType = image.jpeg; path = movie6.jpg; sourceTree = "<group>"; };
		CE2D2A9F1DC082D4002CB98A /* SingleViewController.h */ = {isa = PBXFileReference; fileEncoding = 4; lastKnownFileType = sourcecode.c.h; path = SingleViewController.h; sourceTree = "<group>"; };
		CE2D2AA01DC082D4002CB98A /* SingleViewController.m */ = {isa = PBXFileReference; fileEncoding = 4; lastKnownFileType = sourcecode.c.objc; path = SingleViewController.m; sourceTree = "<group>"; };
		CE50DCB21DA8D61E0009A205 /* CABasicAnimationController.h */ = {isa = PBXFileReference; fileEncoding = 4; lastKnownFileType = sourcecode.c.h; path = CABasicAnimationController.h; sourceTree = "<group>"; };
		CE50DCB31DA8D61E0009A205 /* CABasicAnimationController.m */ = {isa = PBXFileReference; fileEncoding = 4; lastKnownFileType = sourcecode.c.objc; path = CABasicAnimationController.m; sourceTree = "<group>"; };
		CE50DCB51DA8E6B50009A205 /* BaseViewController.h */ = {isa = PBXFileReference; fileEncoding = 4; lastKnownFileType = sourcecode.c.h; path = BaseViewController.h; sourceTree = "<group>"; };
		CE50DCB61DA8E6B50009A205 /* BaseViewController.m */ = {isa = PBXFileReference; fileEncoding = 4; lastKnownFileType = sourcecode.c.objc; path = BaseViewController.m; sourceTree = "<group>"; };
		CE50DCB91DA8E7300009A205 /* TitleButton.h */ = {isa = PBXFileReference; fileEncoding = 4; lastKnownFileType = sourcecode.c.h; path = TitleButton.h; sourceTree = "<group>"; };
		CE50DCBA1DA8E7300009A205 /* TitleButton.m */ = {isa = PBXFileReference; fileEncoding = 4; lastKnownFileType = sourcecode.c.objc; path = TitleButton.m; sourceTree = "<group>"; };
		CE50DCBD1DA9F7620009A205 /* CAKeyframeViewController.h */ = {isa = PBXFileReference; fileEncoding = 4; lastKnownFileType = sourcecode.c.h; path = CAKeyframeViewController.h; sourceTree = "<group>"; };
		CE50DCBE1DA9F7620009A205 /* CAKeyframeViewController.m */ = {isa = PBXFileReference; fileEncoding = 4; lastKnownFileType = sourcecode.c.objc; path = CAKeyframeViewController.m; sourceTree = "<group>"; };
		CE50DCC41DAB49430009A205 /* CAAnimationGroupViewController.h */ = {isa = PBXFileReference; fileEncoding = 4; lastKnownFileType = sourcecode.c.h; path = CAAnimationGroupViewController.h; sourceTree = "<group>"; };
		CE50DCC51DAB49430009A205 /* CAAnimationGroupViewController.m */ = {isa = PBXFileReference; fileEncoding = 4; lastKnownFileType = sourcecode.c.objc; path = CAAnimationGroupViewController.m; sourceTree = "<group>"; };
		CE50DCC81DAB69F80009A205 /* CATransitionViewController.h */ = {isa = PBXFileReference; fileEncoding = 4; lastKnownFileType = sourcecode.c.h; path = CATransitionViewController.h; sourceTree = "<group>"; };
		CE50DCC91DAB69F80009A205 /* CATransitionViewController.m */ = {isa = PBXFileReference; fileEncoding = 4; lastKnownFileType = sourcecode.c.objc; path = CATransitionViewController.m; sourceTree = "<group>"; };
		CEBA45621DCB074500B547FA /* TransitionListViewController.h */ = {isa = PBXFileReference; fileEncoding = 4; lastKnownFileType = sourcecode.c.h; path = TransitionListViewController.h; sourceTree = "<group>"; };
		CEBA45631DCB074500B547FA /* TransitionListViewController.m */ = {isa = PBXFileReference; fileEncoding = 4; lastKnownFileType = sourcecode.c.objc; path = TransitionListViewController.m; sourceTree = "<group>"; };
		CEBA45661DCB119400B547FA /* HBLBaseTransition.h */ = {isa = PBXFileReference; fileEncoding = 4; lastKnownFileType = sourcecode.c.h; path = HBLBaseTransition.h; sourceTree = "<group>"; };
		CEBA45671DCB119400B547FA /* HBLBaseTransition.m */ = {isa = PBXFileReference; fileEncoding = 4; lastKnownFileType = sourcecode.c.objc; path = HBLBaseTransition.m; sourceTree = "<group>"; };
		CEBA45691DCB184B00B547FA /* HBLBubbleTransition.h */ = {isa = PBXFileReference; fileEncoding = 4; lastKnownFileType = sourcecode.c.h; path = HBLBubbleTransition.h; sourceTree = "<group>"; };
		CEBA456A1DCB184B00B547FA /* HBLBubbleTransition.m */ = {isa = PBXFileReference; fileEncoding = 4; lastKnownFileType = sourcecode.c.objc; path = HBLBubbleTransition.m; sourceTree = "<group>"; };
		CEBA45731DCB190600B547FA /* TransitionFirstViewController.h */ = {isa = PBXFileReference; fileEncoding = 4; lastKnownFileType = sourcecode.c.h; path = TransitionFirstViewController.h; sourceTree = "<group>"; };
		CEBA45741DCB190600B547FA /* TransitionFirstViewController.m */ = {isa = PBXFileReference; fileEncoding = 4; lastKnownFileType = sourcecode.c.objc; path = TransitionFirstViewController.m; sourceTree = "<group>"; };
		CEBA45751DCB190600B547FA /* TransitionFirstViewController.xib */ = {isa = PBXFileReference; fileEncoding = 4; lastKnownFileType = file.xib; path = TransitionFirstViewController.xib; sourceTree = "<group>"; };
		CEBA45781DCB29FC00B547FA /* TransitionSecondViewController.h */ = {isa = PBXFileReference; fileEncoding = 4; lastKnownFileType = sourcecode.c.h; path = TransitionSecondViewController.h; sourceTree = "<group>"; };
		CEBA45791DCB29FC00B547FA /* TransitionSecondViewController.m */ = {isa = PBXFileReference; fileEncoding = 4; lastKnownFileType = sourcecode.c.objc; path = TransitionSecondViewController.m; sourceTree = "<group>"; };
		CEBA457A1DCB29FC00B547FA /* TransitionSecondViewController.xib */ = {isa = PBXFileReference; fileEncoding = 4; lastKnownFileType = file.xib; path = TransitionSecondViewController.xib; sourceTree = "<group>"; };
		CEBA45801DCB309B00B547FA /* HBLHalfPresentTransition.h */ = {isa = PBXFileReference; fileEncoding = 4; lastKnownFileType = sourcecode.c.h; path = HBLHalfPresentTransition.h; sourceTree = "<group>"; };
		CEBA45811DCB309B00B547FA /* HBLHalfPresentTransition.m */ = {isa = PBXFileReference; fileEncoding = 4; lastKnownFileType = sourcecode.c.objc; path = HBLHalfPresentTransition.m; sourceTree = "<group>"; };
		CEBA45831DCB30A800B547FA /* HBLRevealLeftTransition.h */ = {isa = PBXFileReference; fileEncoding = 4; lastKnownFileType = sourcecode.c.h; path = HBLRevealLeftTransition.h; sourceTree = "<group>"; };
		CEBA45841DCB30A800B547FA /* HBLRevealLeftTransition.m */ = {isa = PBXFileReference; fileEncoding = 4; lastKnownFileType = sourcecode.c.objc; path = HBLRevealLeftTransition.m; sourceTree = "<group>"; };
		CEBA45861DCB30B900B547FA /* HBLLeftTopPresentTransition.h */ = {isa = PBXFileReference; fileEncoding = 4; lastKnownFileType = sourcecode.c.h; path = HBLLeftTopPresentTransition.h; sourceTree = "<group>"; };
		CEBA45871DCB30B900B547FA /* HBLLeftTopPresentTransition.m */ = {isa = PBXFileReference; fileEncoding = 4; lastKnownFileType = sourcecode.c.objc; path = HBLLeftTopPresentTransition.m; sourceTree = "<group>"; };
		CEE5EDBF1DC1ABDA00C38AEB /* VCCustomTransitioning.h */ = {isa = PBXFileReference; fileEncoding = 4; lastKnownFileType = sourcecode.c.h; path = VCCustomTransitioning.h; sourceTree = "<group>"; };
		CEE5EDC01DC1ABDA00C38AEB /* VCCustomTransitioning.m */ = {isa = PBXFileReference; fileEncoding = 4; lastKnownFileType = sourcecode.c.objc; path = VCCustomTransitioning.m; sourceTree = "<group>"; };
		CEFA94E41DBDBA7A00AD911C /* CGAffineTransformViewController.h */ = {isa = PBXFileReference; fileEncoding = 4; lastKnownFileType = sourcecode.c.h; path = CGAffineTransformViewController.h; sourceTree = "<group>"; };
		CEFA94E51DBDBA7A00AD911C /* CGAffineTransformViewController.m */ = {isa = PBXFileReference; fileEncoding = 4; lastKnownFileType = sourcecode.c.objc; path = CGAffineTransformViewController.m; sourceTree = "<group>"; };
		CEFA94E81DBDDB9900AD911C /* UIViewTransitionViewController.h */ = {isa = PBXFileReference; fileEncoding = 4; lastKnownFileType = sourcecode.c.h; path = UIViewTransitionViewController.h; sourceTree = "<group>"; };
		CEFA94E91DBDDB9900AD911C /* UIViewTransitionViewController.m */ = {isa = PBXFileReference; fileEncoding = 4; lastKnownFileType = sourcecode.c.objc; path = UIViewTransitionViewController.m; sourceTree = "<group>"; };
/* End PBXFileReference section */

/* Begin PBXFrameworksBuildPhase section */
		C5D1217E1D6ACDB9006951E8 /* Frameworks */ = {
			isa = PBXFrameworksBuildPhase;
			buildActionMask = 2147483647;
			files = (
			);
			runOnlyForDeploymentPostprocessing = 0;
		};
/* End PBXFrameworksBuildPhase section */

/* Begin PBXGroup section */
		C5C42B4A1D6B36490040E120 /* transition */ = {
			isa = PBXGroup;
			children = (
				C5D1219D1D6AD77C006951E8 /* TransitionViewController.h */,
				C5D1219E1D6AD77C006951E8 /* TransitionViewController.m */,
				C5D1219F1D6AD77C006951E8 /* TransitionViewController.xib */,
				C5C42B481D6B36090040E120 /* 1.jpeg */,
				C5C42B461D6B35E80040E120 /* 2.jpeg */,
			);
			name = transition;
			sourceTree = "<group>";
		};
		C5D121781D6ACDB9006951E8 = {
			isa = PBXGroup;
			children = (
				C5D121831D6ACDB9006951E8 /* HBLAnimationSet */,
				C5D121821D6ACDB9006951E8 /* Products */,
			);
			sourceTree = "<group>";
		};
		C5D121821D6ACDB9006951E8 /* Products */ = {
			isa = PBXGroup;
			children = (
				C5D121811D6ACDB9006951E8 /* HBLAnimationSet.app */,
			);
			name = Products;
			sourceTree = "<group>";
		};
		C5D121831D6ACDB9006951E8 /* HBLAnimationSet */ = {
			isa = PBXGroup;
			children = (
				CE2D2A801DBF2D34002CB98A /* resources */,
				CE2D2A791DBF2AB2002CB98A /* complexAnimationSet */,
				CE2D2A781DBF2A9F002CB98A /* basicAniamtionSet */,
				CE50DCB81DA8E7180009A205 /* Common */,
				C5D121871D6ACDB9006951E8 /* AppDelegate.h */,
				C5D121881D6ACDB9006951E8 /* AppDelegate.m */,
				C5D1218A1D6ACDB9006951E8 /* ViewController.h */,
				C5D1218B1D6ACDB9006951E8 /* ViewController.m */,
				C5D1218D1D6ACDB9006951E8 /* Main.storyboard */,
				C5D121901D6ACDB9006951E8 /* Assets.xcassets */,
				C5D121921D6ACDB9006951E8 /* LaunchScreen.storyboard */,
				C5D121951D6ACDB9006951E8 /* Info.plist */,
				C5D121841D6ACDB9006951E8 /* Supporting Files */,
			);
			path = HBLAnimationSet;
			sourceTree = "<group>";
		};
		C5D121841D6ACDB9006951E8 /* Supporting Files */ = {
			isa = PBXGroup;
			children = (
				C5D121851D6ACDB9006951E8 /* main.m */,
				C5D1219C1D6AD09B006951E8 /* Animation-Prefix.pch */,
			);
			name = "Supporting Files";
			sourceTree = "<group>";
		};
		CE0341FA1DD0784500C99949 /* childViewController */ = {
			isa = PBXGroup;
			children = (
				CE0341FE1DD0790D00C99949 /* NewsViewController.h */,
				CE0341FF1DD0790D00C99949 /* NewsViewController.m */,
				CE0342031DD0792100C99949 /* ChildNewsViewController.h */,
				CE0342041DD0792100C99949 /* ChildNewsViewController.m */,
				CE0342051DD0792100C99949 /* ChildNewsViewController.xib */,
				CE0342081DD0792B00C99949 /* DetailViewController.h */,
				CE0342091DD0792B00C99949 /* DetailViewController.m */,
				CE03420A1DD0792B00C99949 /* DetailViewController.xib */,
				CE03420D1DD07DF300C99949 /* NewsCollectionViewDataSourceManager.h */,
				CE03420E1DD07DF300C99949 /* NewsCollectionViewDataSourceManager.m */,
				CE0342101DD07E5400C99949 /* NewsCollectionViewCell.h */,
				CE0342111DD07E5400C99949 /* NewsCollectionViewCell.m */,
				CE0342121DD07E5400C99949 /* NewsCollectionViewCell.xib */,
			);
			name = childViewController;
			sourceTree = "<group>";
		};
		CE0342181DD1C80500C99949 /* tabbarController */ = {
			isa = PBXGroup;
			children = (
				CE0342151DD1C39B00C99949 /* MyTabBarViewController.h */,
				CE0342161DD1C39B00C99949 /* MyTabBarViewController.m */,
				CE0342191DD1C83200C99949 /* HomeViewController.h */,
				CE03421A1DD1C83200C99949 /* HomeViewController.m */,
				CE03421B1DD1C83200C99949 /* HomeViewController.xib */,
				CE03421E1DD1C84600C99949 /* MyViewController.h */,
				CE03421F1DD1C84600C99949 /* MyViewController.m */,
				CE0342201DD1C84600C99949 /* MyViewController.xib */,
				CE0342231DD1CC6600C99949 /* TabBarTransition.h */,
				CE0342241DD1CC6600C99949 /* TabBarTransition.m */,
			);
			name = tabbarController;
			sourceTree = "<group>";
		};
		CE2D2A781DBF2A9F002CB98A /* basicAniamtionSet */ = {
			isa = PBXGroup;
			children = (
				CEFA94E71DBDDB7700AD911C /* UIViewTransition */,
				CEFA94E31DBDBA5100AD911C /* CGAffineTransform */,
				CE50DCC71DAB69DD0009A205 /* CATransition */,
				CE50DCC01DAB48CD0009A205 /* CAAnimationGroup */,
				CE50DCBC1DA9F73C0009A205 /* CAKeyframeAnimation */,
				CE50DCB11DA8D5E10009A205 /* CABasicAnimation */,
			);
			name = basicAniamtionSet;
			sourceTree = "<group>";
		};
		CE2D2A791DBF2AB2002CB98A /* complexAnimationSet */ = {
			isa = PBXGroup;
			children = (
				CE0341FA1DD0784500C99949 /* childViewController */,
				CEBA45651DCB115900B547FA /* transitionList */,
				CE2D2A8D1DC04D02002CB98A /* vcTransition */,
				CE2D2A7A1DBF2B61002CB98A /* maskLayerPause */,
				C5C42B4A1D6B36490040E120 /* transition */,
				CE2D2A881DBF5C14002CB98A /* SpringAnimationViewController.h */,
				CE2D2A891DBF5C14002CB98A /* SpringAnimationViewController.m */,
				CE2D2A8A1DBF5C14002CB98A /* SpringAnimationViewController.xib */,
				CEBA45621DCB074500B547FA /* TransitionListViewController.h */,
				CEBA45631DCB074500B547FA /* TransitionListViewController.m */,
			);
			name = complexAnimationSet;
			sourceTree = "<group>";
		};
		CE2D2A7A1DBF2B61002CB98A /* maskLayerPause */ = {
			isa = PBXGroup;
			children = (
				CE2D2A7B1DBF2B98002CB98A /* MaskLayerPauseViewController.h */,
				CE2D2A7C1DBF2B98002CB98A /* MaskLayerPauseViewController.m */,
				CE2D2A7D1DBF2B98002CB98A /* MaskLayerPauseViewController.xib */,
			);
			name = maskLayerPause;
			sourceTree = "<group>";
		};
		CE2D2A801DBF2D34002CB98A /* resources */ = {
			isa = PBXGroup;
			children = (
				CE2D2A931DC08079002CB98A /* movie1.jpg */,
				CE2D2A941DC08079002CB98A /* movie2.jpg */,
				CE2D2A951DC08079002CB98A /* movie3.jpg */,
				CE2D2A961DC08079002CB98A /* movie4.jpg */,
				CE2D2A971DC08079002CB98A /* movie5.jpg */,
				CE2D2A981DC08079002CB98A /* movie6.jpg */,
				CE2D2A811DBF2D3D002CB98A /* mask1.png */,
				CE2D2A821DBF2D3D002CB98A /* mask2.png */,
			);
			name = resources;
			sourceTree = "<group>";
		};
		CE2D2A8D1DC04D02002CB98A /* vcTransition */ = {
			isa = PBXGroup;
			children = (
				CE2D2A8E1DC07B6F002CB98A /* vcTransitionViewController.h */,
				CE2D2A8F1DC07B6F002CB98A /* vcTransitionViewController.m */,
				CE2D2A9F1DC082D4002CB98A /* SingleViewController.h */,
				CE2D2AA01DC082D4002CB98A /* SingleViewController.m */,
				CEE5EDBF1DC1ABDA00C38AEB /* VCCustomTransitioning.h */,
				CEE5EDC01DC1ABDA00C38AEB /* VCCustomTransitioning.m */,
			);
			name = vcTransition;
			sourceTree = "<group>";
		};
		CE50DCB11DA8D5E10009A205 /* CABasicAnimation */ = {
			isa = PBXGroup;
			children = (
				CE50DCB21DA8D61E0009A205 /* CABasicAnimationController.h */,
				CE50DCB31DA8D61E0009A205 /* CABasicAnimationController.m */,
			);
			name = CABasicAnimation;
			sourceTree = "<group>";
		};
		CE50DCB81DA8E7180009A205 /* Common */ = {
			isa = PBXGroup;
			children = (
				CE50DCB51DA8E6B50009A205 /* BaseViewController.h */,
				CE50DCB61DA8E6B50009A205 /* BaseViewController.m */,
				CE50DCB91DA8E7300009A205 /* TitleButton.h */,
				CE50DCBA1DA8E7300009A205 /* TitleButton.m */,
			);
			name = Common;
			sourceTree = "<group>";
		};
		CE50DCBC1DA9F73C0009A205 /* CAKeyframeAnimation */ = {
			isa = PBXGroup;
			children = (
				CE50DCBD1DA9F7620009A205 /* CAKeyframeViewController.h */,
				CE50DCBE1DA9F7620009A205 /* CAKeyframeViewController.m */,
			);
			name = CAKeyframeAnimation;
			sourceTree = "<group>";
		};
		CE50DCC01DAB48CD0009A205 /* CAAnimationGroup */ = {
			isa = PBXGroup;
			children = (
				CE50DCC41DAB49430009A205 /* CAAnimationGroupViewController.h */,
				CE50DCC51DAB49430009A205 /* CAAnimationGroupViewController.m */,
			);
			name = CAAnimationGroup;
			sourceTree = "<group>";
		};
		CE50DCC71DAB69DD0009A205 /* CATransition */ = {
			isa = PBXGroup;
			children = (
				CE50DCC81DAB69F80009A205 /* CATransitionViewController.h */,
				CE50DCC91DAB69F80009A205 /* CATransitionViewController.m */,
			);
			name = CATransition;
			sourceTree = "<group>";
		};
		CEBA45651DCB115900B547FA /* transitionList */ = {
			isa = PBXGroup;
			children = (
				CE0342181DD1C80500C99949 /* tabbarController */,
				CEBA456C1DCB188500B547FA /* transitions */,
				CEBA45731DCB190600B547FA /* TransitionFirstViewController.h */,
				CEBA45741DCB190600B547FA /* TransitionFirstViewController.m */,
				CEBA45751DCB190600B547FA /* TransitionFirstViewController.xib */,
				CEBA45781DCB29FC00B547FA /* TransitionSecondViewController.h */,
				CEBA45791DCB29FC00B547FA /* TransitionSecondViewController.m */,
				CEBA457A1DCB29FC00B547FA /* TransitionSecondViewController.xib */,
			);
			name = transitionList;
			sourceTree = "<group>";
		};
		CEBA456C1DCB188500B547FA /* transitions */ = {
			isa = PBXGroup;
			children = (
				CEBA45661DCB119400B547FA /* HBLBaseTransition.h */,
				CEBA45671DCB119400B547FA /* HBLBaseTransition.m */,
				CEBA45691DCB184B00B547FA /* HBLBubbleTransition.h */,
				CEBA456A1DCB184B00B547FA /* HBLBubbleTransition.m */,
				CEBA45801DCB309B00B547FA /* HBLHalfPresentTransition.h */,
				CEBA45811DCB309B00B547FA /* HBLHalfPresentTransition.m */,
				CEBA45831DCB30A800B547FA /* HBLRevealLeftTransition.h */,
				CEBA45841DCB30A800B547FA /* HBLRevealLeftTransition.m */,
				CEBA45861DCB30B900B547FA /* HBLLeftTopPresentTransition.h */,
				CEBA45871DCB30B900B547FA /* HBLLeftTopPresentTransition.m */,
			);
			name = transitions;
			sourceTree = "<group>";
		};
		CEFA94E31DBDBA5100AD911C /* CGAffineTransform */ = {
			isa = PBXGroup;
			children = (
				CEFA94E41DBDBA7A00AD911C /* CGAffineTransformViewController.h */,
				CEFA94E51DBDBA7A00AD911C /* CGAffineTransformViewController.m */,
			);
			name = CGAffineTransform;
			sourceTree = "<group>";
		};
		CEFA94E71DBDDB7700AD911C /* UIViewTransition */ = {
			isa = PBXGroup;
			children = (
				CEFA94E81DBDDB9900AD911C /* UIViewTransitionViewController.h */,
				CEFA94E91DBDDB9900AD911C /* UIViewTransitionViewController.m */,
			);
			name = UIViewTransition;
			sourceTree = "<group>";
		};
/* End PBXGroup section */

/* Begin PBXNativeTarget section */
		C5D121801D6ACDB9006951E8 /* HBLAnimationSet */ = {
			isa = PBXNativeTarget;
			buildConfigurationList = C5D121981D6ACDB9006951E8 /* Build configuration list for PBXNativeTarget "HBLAnimationSet" */;
			buildPhases = (
				C5D1217D1D6ACDB9006951E8 /* Sources */,
				C5D1217E1D6ACDB9006951E8 /* Frameworks */,
				C5D1217F1D6ACDB9006951E8 /* Resources */,
			);
			buildRules = (
			);
			dependencies = (
			);
			name = HBLAnimationSet;
			productName = HBLAnimationSet;
			productReference = C5D121811D6ACDB9006951E8 /* HBLAnimationSet.app */;
			productType = "com.apple.product-type.application";
		};
/* End PBXNativeTarget section */

/* Begin PBXProject section */
		C5D121791D6ACDB9006951E8 /* Project object */ = {
			isa = PBXProject;
			attributes = {
				LastUpgradeCheck = 0730;
				ORGANIZATIONNAME = Benlinhuo;
				TargetAttributes = {
					C5D121801D6ACDB9006951E8 = {
						CreatedOnToolsVersion = 7.3;
					};
				};
			};
			buildConfigurationList = C5D1217C1D6ACDB9006951E8 /* Build configuration list for PBXProject "HBLAnimationSet" */;
			compatibilityVersion = "Xcode 3.2";
			developmentRegion = English;
			hasScannedForEncodings = 0;
			knownRegions = (
				en,
				Base,
			);
			mainGroup = C5D121781D6ACDB9006951E8;
			productRefGroup = C5D121821D6ACDB9006951E8 /* Products */;
			projectDirPath = "";
			projectRoot = "";
			targets = (
				C5D121801D6ACDB9006951E8 /* HBLAnimationSet */,
			);
		};
/* End PBXProject section */

/* Begin PBXResourcesBuildPhase section */
		C5D1217F1D6ACDB9006951E8 /* Resources */ = {
			isa = PBXResourcesBuildPhase;
			buildActionMask = 2147483647;
			files = (
				CE0342071DD0792100C99949 /* ChildNewsViewController.xib in Resources */,
				CE2D2A9C1DC08079002CB98A /* movie4.jpg in Resources */,
				CE2D2A841DBF2D3D002CB98A /* mask2.png in Resources */,
				CE0342221DD1C84600C99949 /* MyViewController.xib in Resources */,
				C5C42B471D6B35E80040E120 /* 2.jpeg in Resources */,
				CE2D2A831DBF2D3D002CB98A /* mask1.png in Resources */,
				CE2D2A7F1DBF2B98002CB98A /* MaskLayerPauseViewController.xib in Resources */,
				CE2D2A9A1DC08079002CB98A /* movie2.jpg in Resources */,
				CE2D2A8C1DBF5C14002CB98A /* SpringAnimationViewController.xib in Resources */,
				CE2D2A9E1DC08079002CB98A /* movie6.jpg in Resources */,
				C5C42B491D6B36090040E120 /* 1.jpeg in Resources */,
				CEBA457C1DCB29FC00B547FA /* TransitionSecondViewController.xib in Resources */,
				C5D121941D6ACDB9006951E8 /* LaunchScreen.storyboard in Resources */,
				C5D121911D6ACDB9006951E8 /* Assets.xcassets in Resources */,
				CE2D2A9B1DC08079002CB98A /* movie3.jpg in Resources */,
				CE0342141DD07E5400C99949 /* NewsCollectionViewCell.xib in Resources */,
				C5D1218F1D6ACDB9006951E8 /* Main.storyboard in Resources */,
				CE03420C1DD0792B00C99949 /* DetailViewController.xib in Resources */,
				CE2D2A991DC08079002CB98A /* movie1.jpg in Resources */,
				CE2D2A9D1DC08079002CB98A /* movie5.jpg in Resources */,
				CEBA45771DCB190600B547FA /* TransitionFirstViewController.xib in Resources */,
				C5D121A11D6AD77C006951E8 /* TransitionViewController.xib in Resources */,
				CE03421D1DD1C83200C99949 /* HomeViewController.xib in Resources */,
			);
			runOnlyForDeploymentPostprocessing = 0;
		};
/* End PBXResourcesBuildPhase section */

/* Begin PBXSourcesBuildPhase section */
		C5D1217D1D6ACDB9006951E8 /* Sources */ = {
			isa = PBXSourcesBuildPhase;
			buildActionMask = 2147483647;
			files = (
				CE0342211DD1C84600C99949 /* MyViewController.m in Sources */,
				CE2D2A8B1DBF5C14002CB98A /* SpringAnimationViewController.m in Sources */,
				C5D1218C1D6ACDB9006951E8 /* ViewController.m in Sources */,
				CE2D2AA21DC082D4002CB98A /* SingleViewController.m in Sources */,
				CEFA94E61DBDBA7A00AD911C /* CGAffineTransformViewController.m in Sources */,
				CEBA45881DCB30B900B547FA /* HBLLeftTopPresentTransition.m in Sources */,
				CE0342011DD0790D00C99949 /* NewsViewController.m in Sources */,
				CEE5EDC11DC1ABDA00C38AEB /* VCCustomTransitioning.m in Sources */,
				CE50DCBB1DA8E7300009A205 /* TitleButton.m in Sources */,
				CE50DCC61DAB49430009A205 /* CAAnimationGroupViewController.m in Sources */,
				CEBA45851DCB30A800B547FA /* HBLRevealLeftTransition.m in Sources */,
				CEBA45761DCB190600B547FA /* TransitionFirstViewController.m in Sources */,
				CEFA94EA1DBDDB9900AD911C /* UIViewTransitionViewController.m in Sources */,
				CEBA45821DCB309B00B547FA /* HBLHalfPresentTransition.m in Sources */,
				CE50DCB71DA8E6B50009A205 /* BaseViewController.m in Sources */,
				C5D121891D6ACDB9006951E8 /* AppDelegate.m in Sources */,
				CE0342061DD0792100C99949 /* ChildNewsViewController.m in Sources */,
				CE03420F1DD07DF300C99949 /* NewsCollectionViewDataSourceManager.m in Sources */,
				CE50DCBF1DA9F7620009A205 /* CAKeyframeViewController.m in Sources */,
				CE0342171DD1C39B00C99949 /* MyTabBarViewController.m in Sources */,
				CE2D2A7E1DBF2B98002CB98A /* MaskLayerPauseViewController.m in Sources */,
				C5D121861D6ACDB9006951E8 /* main.m in Sources */,
				CEBA457B1DCB29FC00B547FA /* TransitionSecondViewController.m in Sources */,
				CEBA45641DCB074500B547FA /* TransitionListViewController.m in Sources */,
				CE03421C1DD1C83200C99949 /* HomeViewController.m in Sources */,
				CE50DCB41DA8D61E0009A205 /* CABasicAnimationController.m in Sources */,
				CE03420B1DD0792B00C99949 /* DetailViewController.m in Sources */,
				CEBA45681DCB119400B547FA /* HBLBaseTransition.m in Sources */,
				C5D121A01D6AD77C006951E8 /* TransitionViewController.m in Sources */,
				CEBA456B1DCB184B00B547FA /* HBLBubbleTransition.m in Sources */,
				CE0342131DD07E5400C99949 /* NewsCollectionViewCell.m in Sources */,
				CE2D2A911DC07B6F002CB98A /* vcTransitionViewController.m in Sources */,
				CE0342251DD1CC6600C99949 /* TabBarTransition.m in Sources */,
				CE50DCCA1DAB69F80009A205 /* CATransitionViewController.m in Sources */,
			);
			runOnlyForDeploymentPostprocessing = 0;
		};
/* End PBXSourcesBuildPhase section */

/* Begin PBXVariantGroup section */
		C5D1218D1D6ACDB9006951E8 /* Main.storyboard */ = {
			isa = PBXVariantGroup;
			children = (
				C5D1218E1D6ACDB9006951E8 /* Base */,
			);
			name = Main.storyboard;
			sourceTree = "<group>";
		};
		C5D121921D6ACDB9006951E8 /* LaunchScreen.storyboard */ = {
			isa = PBXVariantGroup;
			children = (
				C5D121931D6ACDB9006951E8 /* Base */,
			);
			name = LaunchScreen.storyboard;
			sourceTree = "<group>";
		};
/* End PBXVariantGroup section */

/* Begin XCBuildConfiguration section */
		C5D121961D6ACDB9006951E8 /* Debug */ = {
			isa = XCBuildConfiguration;
			buildSettings = {
				ALWAYS_SEARCH_USER_PATHS = NO;
				CLANG_ANALYZER_NONNULL = YES;
				CLANG_CXX_LANGUAGE_STANDARD = "gnu++0x";
				CLANG_CXX_LIBRARY = "libc++";
				CLANG_ENABLE_MODULES = YES;
				CLANG_ENABLE_OBJC_ARC = YES;
				CLANG_WARN_BOOL_CONVERSION = YES;
				CLANG_WARN_CONSTANT_CONVERSION = YES;
				CLANG_WARN_DIRECT_OBJC_ISA_USAGE = YES_ERROR;
				CLANG_WARN_EMPTY_BODY = YES;
				CLANG_WARN_ENUM_CONVERSION = YES;
				CLANG_WARN_INT_CONVERSION = YES;
				CLANG_WARN_OBJC_ROOT_CLASS = YES_ERROR;
				CLANG_WARN_UNREACHABLE_CODE = YES;
				CLANG_WARN__DUPLICATE_METHOD_MATCH = YES;
				"CODE_SIGN_IDENTITY[sdk=iphoneos*]" = "iPhone Developer";
				COPY_PHASE_STRIP = NO;
				DEBUG_INFORMATION_FORMAT = dwarf;
				ENABLE_STRICT_OBJC_MSGSEND = YES;
				ENABLE_TESTABILITY = YES;
				GCC_C_LANGUAGE_STANDARD = gnu99;
				GCC_DYNAMIC_NO_PIC = NO;
				GCC_NO_COMMON_BLOCKS = YES;
				GCC_OPTIMIZATION_LEVEL = 0;
				GCC_PREPROCESSOR_DEFINITIONS = (
					"DEBUG=1",
					"$(inherited)",
				);
				GCC_WARN_64_TO_32_BIT_CONVERSION = YES;
				GCC_WARN_ABOUT_RETURN_TYPE = YES_ERROR;
				GCC_WARN_UNDECLARED_SELECTOR = YES;
				GCC_WARN_UNINITIALIZED_AUTOS = YES_AGGRESSIVE;
				GCC_WARN_UNUSED_FUNCTION = YES;
				GCC_WARN_UNUSED_VARIABLE = YES;
				IPHONEOS_DEPLOYMENT_TARGET = 9.3;
				MTL_ENABLE_DEBUG_INFO = YES;
				ONLY_ACTIVE_ARCH = YES;
				SDKROOT = iphoneos;
			};
			name = Debug;
		};
		C5D121971D6ACDB9006951E8 /* Release */ = {
			isa = XCBuildConfiguration;
			buildSettings = {
				ALWAYS_SEARCH_USER_PATHS = NO;
				CLANG_ANALYZER_NONNULL = YES;
				CLANG_CXX_LANGUAGE_STANDARD = "gnu++0x";
				CLANG_CXX_LIBRARY = "libc++";
				CLANG_ENABLE_MODULES = YES;
				CLANG_ENABLE_OBJC_ARC = YES;
				CLANG_WARN_BOOL_CONVERSION = YES;
				CLANG_WARN_CONSTANT_CONVERSION = YES;
				CLANG_WARN_DIRECT_OBJC_ISA_USAGE = YES_ERROR;
				CLANG_WARN_EMPTY_BODY = YES;
				CLANG_WARN_ENUM_CONVERSION = YES;
				CLANG_WARN_INT_CONVERSION = YES;
				CLANG_WARN_OBJC_ROOT_CLASS = YES_ERROR;
				CLANG_WARN_UNREACHABLE_CODE = YES;
				CLANG_WARN__DUPLICATE_METHOD_MATCH = YES;
				"CODE_SIGN_IDENTITY[sdk=iphoneos*]" = "iPhone Developer";
				COPY_PHASE_STRIP = NO;
				DEBUG_INFORMATION_FORMAT = "dwarf-with-dsym";
				ENABLE_NS_ASSERTIONS = NO;
				ENABLE_STRICT_OBJC_MSGSEND = YES;
				GCC_C_LANGUAGE_STANDARD = gnu99;
				GCC_NO_COMMON_BLOCKS = YES;
				GCC_WARN_64_TO_32_BIT_CONVERSION = YES;
				GCC_WARN_ABOUT_RETURN_TYPE = YES_ERROR;
				GCC_WARN_UNDECLARED_SELECTOR = YES;
				GCC_WARN_UNINITIALIZED_AUTOS = YES_AGGRESSIVE;
				GCC_WARN_UNUSED_FUNCTION = YES;
				GCC_WARN_UNUSED_VARIABLE = YES;
				IPHONEOS_DEPLOYMENT_TARGET = 9.3;
				MTL_ENABLE_DEBUG_INFO = NO;
				SDKROOT = iphoneos;
				VALIDATE_PRODUCT = YES;
			};
			name = Release;
		};
		C5D121991D6ACDB9006951E8 /* Debug */ = {
			isa = XCBuildConfiguration;
			buildSettings = {
				ASSETCATALOG_COMPILER_APPICON_NAME = AppIcon;
				GCC_PRECOMPILE_PREFIX_HEADER = YES;
				GCC_PREFIX_HEADER = "$(SRCROOT)/HBLAnimationSet/Animation-Prefix.pch";
				INFOPLIST_FILE = HBLAnimationSet/Info.plist;
				LD_RUNPATH_SEARCH_PATHS = "$(inherited) @executable_path/Frameworks";
				PRODUCT_BUNDLE_IDENTIFIER = com.angejia.member.HBLAnimationSet;
				PRODUCT_NAME = "$(TARGET_NAME)";
			};
			name = Debug;
		};
		C5D1219A1D6ACDB9006951E8 /* Release */ = {
			isa = XCBuildConfiguration;
			buildSettings = {
				ASSETCATALOG_COMPILER_APPICON_NAME = AppIcon;
				GCC_PRECOMPILE_PREFIX_HEADER = YES;
				GCC_PREFIX_HEADER = "$(SRCROOT)/HBLAnimationSet/Animation-Prefix.pch";
				INFOPLIST_FILE = HBLAnimationSet/Info.plist;
				LD_RUNPATH_SEARCH_PATHS = "$(inherited) @executable_path/Frameworks";
				PRODUCT_BUNDLE_IDENTIFIER = com.angejia.member.HBLAnimationSet;
				PRODUCT_NAME = "$(TARGET_NAME)";
			};
			name = Release;
		};
/* End XCBuildConfiguration section */

/* Begin XCConfigurationList section */
		C5D1217C1D6ACDB9006951E8 /* Build configuration list for PBXProject "HBLAnimationSet" */ = {
			isa = XCConfigurationList;
			buildConfigurations = (
				C5D121961D6ACDB9006951E8 /* Debug */,
				C5D121971D6ACDB9006951E8 /* Release */,
			);
			defaultConfigurationIsVisible = 0;
			defaultConfigurationName = Release;
		};
		C5D121981D6ACDB9006951E8 /* Build configuration list for PBXNativeTarget "HBLAnimationSet" */ = {
			isa = XCConfigurationList;
			buildConfigurations = (
				C5D121991D6ACDB9006951E8 /* Debug */,
				C5D1219A1D6ACDB9006951E8 /* Release */,
			);
			defaultConfigurationIsVisible = 0;
			defaultConfigurationName = Release;
		};
/* End XCConfigurationList section */
	};
	rootObject = C5D121791D6ACDB9006951E8 /* Project object */;
}
